
Microsoft Visual Studio Solution File, Format Version 12.00
# Visual Studio Version 17
VisualStudioVersion = 17.11.35222.181
MinimumVisualStudioVersion = 10.0.40219.1
Project("{FAE04EC0-301F-11D3-BF4B-00C04F79EFBC}") = "TpAPI_Grupo_18-B", "TpAPI_Grupo_18-B\TpAPI_Grupo_18-B.csproj", "{60E79257-50A6-46DD-9390-F6391CD603D6}"
EndProject
Project("{FAE04EC0-301F-11D3-BF4B-00C04F79EFBC}") = "Dominio", "Dominio\Dominio.csproj", "{22C0CC08-2092-4D9E-819E-4A83EE854171}"
EndProject
Project("{FAE04EC0-301F-11D3-BF4B-00C04F79EFBC}") = "Negocio", "Negocio\Negocio.csproj", "{2CDDAD2D-E33D-41B9-8145-F656F74966A5}"
EndProject
Global
	GlobalSection(SolutionConfigurationPlatforms) = preSolution
		Debug|Any CPU = Debug|Any CPU
		Release|Any CPU = Release|Any CPU
	EndGlobalSection
	GlobalSection(ProjectConfigurationPlatforms) = postSolution
		{60E79257-50A6-46DD-9390-F6391CD603D6}.Debug|Any CPU.ActiveCfg = Debug|Any CPU
		{60E79257-50A6-46DD-9390-F6391CD603D6}.Debug|Any CPU.Build.0 = Debug|Any CPU
		{60E79257-50A6-46DD-9390-F6391CD603D6}.Release|Any CPU.ActiveCfg = Release|Any CPU
		{60E79257-50A6-46DD-9390-F6391CD603D6}.Release|Any CPU.Build.0 = Release|Any CPU
		{22C0CC08-2092-4D9E-819E-4A83EE854171}.Debug|Any CPU.ActiveCfg = Debug|Any CPU
		{22C0CC08-2092-4D9E-819E-4A83EE854171}.Debug|Any CPU.Build.0 = Debug|Any CPU
		{22C0CC08-2092-4D9E-819E-4A83EE854171}.Release|Any CPU.ActiveCfg = Release|Any CPU
		{22C0CC08-2092-4D9E-819E-4A83EE854171}.Release|Any CPU.Build.0 = Release|Any CPU
		{2CDDAD2D-E33D-41B9-8145-F656F74966A5}.Debug|Any CPU.ActiveCfg = Debug|Any CPU
		{2CDDAD2D-E33D-41B9-8145-F656F74966A5}.Debug|Any CPU.Build.0 = Debug|Any CPU
		{2CDDAD2D-E33D-41B9-8145-F656F74966A5}.Release|Any CPU.ActiveCfg = Release|Any CPU
		{2CDDAD2D-E33D-41B9-8145-F656F74966A5}.Release|Any CPU.Build.0 = Release|Any CPU
	EndGlobalSection
	GlobalSection(SolutionProperties) = preSolution
		HideSolutionNode = FALSE
	EndGlobalSection
	GlobalSection(ExtensibilityGlobals) = postSolution
		SolutionGuid = {99314AF0-4A41-4E40-817D-73951E3914DB}
	EndGlobalSection
EndGlobal
